
Microsoft Visual Studio Solution File, Format Version 12.00
# Visual Studio Version 16
VisualStudioVersion = 16.0.30204.135
MinimumVisualStudioVersion = 10.0.40219.1
Project("{9A19103F-16F7-4668-BE54-9A1E7A4F7556}") = "ShamsiDatePicker", "ShamsiDatePicker\ShamsiDatePicker.csproj", "{B1AB7E62-18F1-4447-95E9-D23A7A9C68B0}"
EndProject
Project("{FAE04EC0-301F-11D3-BF4B-00C04F79EFBC}") = "ShamsiDatePickerSample.Android", "ShamsiDatePickerSample\ShamsiDatePickerSample.Android\ShamsiDatePickerSample.Android.csproj", "{A2BFE619-E01B-4C1C-ACE9-6185E2B4E3A9}"
EndProject
Project("{FAE04EC0-301F-11D3-BF4B-00C04F79EFBC}") = "ShamsiDatePickerSample.iOS", "ShamsiDatePickerSample\ShamsiDatePickerSample.iOS\ShamsiDatePickerSample.iOS.csproj", "{CA3B544D-6535-4C6F-B4D7-4E6DE91652C4}"
EndProject
Project("{FAE04EC0-301F-11D3-BF4B-00C04F79EFBC}") = "ShamsiDatePickerSample", "ShamsiDatePickerSample\ShamsiDatePickerSample\ShamsiDatePickerSample.csproj", "{5CB6B8FE-9538-475E-9578-2869ADC78865}"
EndProject
Global
	GlobalSection(SolutionConfigurationPlatforms) = preSolution
		Debug|Any CPU = Debug|Any CPU
		Debug|ARM = Debug|ARM
		Debug|iPhone = Debug|iPhone
		Debug|iPhoneSimulator = Debug|iPhoneSimulator
		Debug|x64 = Debug|x64
		Debug|x86 = Debug|x86
		Release|Any CPU = Release|Any CPU
		Release|ARM = Release|ARM
		Release|iPhone = Release|iPhone
		Release|iPhoneSimulator = Release|iPhoneSimulator
		Release|x64 = Release|x64
		Release|x86 = Release|x86
	EndGlobalSection
	GlobalSection(ProjectConfigurationPlatforms) = postSolution
		{B1AB7E62-18F1-4447-95E9-D23A7A9C68B0}.Debug|Any CPU.ActiveCfg = Debug|Any CPU
		{B1AB7E62-18F1-4447-95E9-D23A7A9C68B0}.Debug|Any CPU.Build.0 = Debug|Any CPU
		{B1AB7E62-18F1-4447-95E9-D23A7A9C68B0}.Debug|ARM.ActiveCfg = Debug|Any CPU
		{B1AB7E62-18F1-4447-95E9-D23A7A9C68B0}.Debug|ARM.Build.0 = Debug|Any CPU
		{B1AB7E62-18F1-4447-95E9-D23A7A9C68B0}.Debug|iPhone.ActiveCfg = Debug|Any CPU
		{B1AB7E62-18F1-4447-95E9-D23A7A9C68B0}.Debug|iPhone.Build.0 = Debug|Any CPU
		{B1AB7E62-18F1-4447-95E9-D23A7A9C68B0}.Debug|iPhoneSimulator.ActiveCfg = Debug|Any CPU
		{B1AB7E62-18F1-4447-95E9-D23A7A9C68B0}.Debug|iPhoneSimulator.Build.0 = Debug|Any CPU
		{B1AB7E62-18F1-4447-95E9-D23A7A9C68B0}.Debug|x64.ActiveCfg = Debug|Any CPU
		{B1AB7E62-18F1-4447-95E9-D23A7A9C68B0}.Debug|x64.Build.0 = Debug|Any CPU
		{B1AB7E62-18F1-4447-95E9-D23A7A9C68B0}.Debug|x86.ActiveCfg = Debug|Any CPU
		{B1AB7E62-18F1-4447-95E9-D23A7A9C68B0}.Debug|x86.Build.0 = Debug|Any CPU
		{B1AB7E62-18F1-4447-95E9-D23A7A9C68B0}.Release|Any CPU.ActiveCfg = Release|Any CPU
		{B1AB7E62-18F1-4447-95E9-D23A7A9C68B0}.Release|Any CPU.Build.0 = Release|Any CPU
		{B1AB7E62-18F1-4447-95E9-D23A7A9C68B0}.Release|ARM.ActiveCfg = Release|Any CPU
		{B1AB7E62-18F1-4447-95E9-D23A7A9C68B0}.Release|ARM.Build.0 = Release|Any CPU
		{B1AB7E62-18F1-4447-95E9-D23A7A9C68B0}.Release|iPhone.ActiveCfg = Release|Any CPU
		{B1AB7E62-18F1-4447-95E9-D23A7A9C68B0}.Release|iPhone.Build.0 = Release|Any CPU
		{B1AB7E62-18F1-4447-95E9-D23A7A9C68B0}.Release|iPhoneSimulator.ActiveCfg = Release|Any CPU
		{B1AB7E62-18F1-4447-95E9-D23A7A9C68B0}.Release|iPhoneSimulator.Build.0 = Release|Any CPU
		{B1AB7E62-18F1-4447-95E9-D23A7A9C68B0}.Release|x64.ActiveCfg = Release|Any CPU
		{B1AB7E62-18F1-4447-95E9-D23A7A9C68B0}.Release|x64.Build.0 = Release|Any CPU
		{B1AB7E62-18F1-4447-95E9-D23A7A9C68B0}.Release|x86.ActiveCfg = Release|Any CPU
		{B1AB7E62-18F1-4447-95E9-D23A7A9C68B0}.Release|x86.Build.0 = Release|Any CPU
		{A2BFE619-E01B-4C1C-ACE9-6185E2B4E3A9}.Debug|Any CPU.ActiveCfg = Debug|Any CPU
		{A2BFE619-E01B-4C1C-ACE9-6185E2B4E3A9}.Debug|Any CPU.Build.0 = Debug|Any CPU
		{A2BFE619-E01B-4C1C-ACE9-6185E2B4E3A9}.Debug|Any CPU.Deploy.0 = Debug|Any CPU
		{A2BFE619-E01B-4C1C-ACE9-6185E2B4E3A9}.Debug|ARM.ActiveCfg = Debug|Any CPU
		{A2BFE619-E01B-4C1C-ACE9-6185E2B4E3A9}.Debug|ARM.Build.0 = Debug|Any CPU
		{A2BFE619-E01B-4C1C-ACE9-6185E2B4E3A9}.Debug|ARM.Deploy.0 = Debug|Any CPU
		{A2BFE619-E01B-4C1C-ACE9-6185E2B4E3A9}.Debug|iPhone.ActiveCfg = Debug|Any CPU
		{A2BFE619-E01B-4C1C-ACE9-6185E2B4E3A9}.Debug|iPhone.Build.0 = Debug|Any CPU
		{A2BFE619-E01B-4C1C-ACE9-6185E2B4E3A9}.Debug|iPhone.Deploy.0 = Debug|Any CPU
		{A2BFE619-E01B-4C1C-ACE9-6185E2B4E3A9}.Debug|iPhoneSimulator.ActiveCfg = Debug|Any CPU
		{A2BFE619-E01B-4C1C-ACE9-6185E2B4E3A9}.Debug|iPhoneSimulator.Build.0 = Debug|Any CPU
		{A2BFE619-E01B-4C1C-ACE9-6185E2B4E3A9}.Debug|iPhoneSimulator.Deploy.0 = Debug|Any CPU
		{A2BFE619-E01B-4C1C-ACE9-6185E2B4E3A9}.Debug|x64.ActiveCfg = Debug|Any CPU
		{A2BFE619-E01B-4C1C-ACE9-6185E2B4E3A9}.Debug|x64.Build.0 = Debug|Any CPU
		{A2BFE619-E01B-4C1C-ACE9-6185E2B4E3A9}.Debug|x64.Deploy.0 = Debug|Any CPU
		{A2BFE619-E01B-4C1C-ACE9-6185E2B4E3A9}.Debug|x86.ActiveCfg = Debug|Any CPU
		{A2BFE619-E01B-4C1C-ACE9-6185E2B4E3A9}.Debug|x86.Build.0 = Debug|Any CPU
		{A2BFE619-E01B-4C1C-ACE9-6185E2B4E3A9}.Debug|x86.Deploy.0 = Debug|Any CPU
		{A2BFE619-E01B-4C1C-ACE9-6185E2B4E3A9}.Release|Any CPU.ActiveCfg = Release|Any CPU
		{A2BFE619-E01B-4C1C-ACE9-6185E2B4E3A9}.Release|Any CPU.Build.0 = Release|Any CPU
		{A2BFE619-E01B-4C1C-ACE9-6185E2B4E3A9}.Release|Any CPU.Deploy.0 = Release|Any CPU
		{A2BFE619-E01B-4C1C-ACE9-6185E2B4E3A9}.Release|ARM.ActiveCfg = Release|Any CPU
		{A2BFE619-E01B-4C1C-ACE9-6185E2B4E3A9}.Release|ARM.Build.0 = Release|Any CPU
		{A2BFE619-E01B-4C1C-ACE9-6185E2B4E3A9}.Release|ARM.Deploy.0 = Release|Any CPU
		{A2BFE619-E01B-4C1C-ACE9-6185E2B4E3A9}.Release|iPhone.ActiveCfg = Release|Any CPU
		{A2BFE619-E01B-4C1C-ACE9-6185E2B4E3A9}.Release|iPhone.Build.0 = Release|Any CPU
		{A2BFE619-E01B-4C1C-ACE9-6185E2B4E3A9}.Release|iPhone.Deploy.0 = Release|Any CPU
		{A2BFE619-E01B-4C1C-ACE9-6185E2B4E3A9}.Release|iPhoneSimulator.ActiveCfg = Release|Any CPU
		{A2BFE619-E01B-4C1C-ACE9-6185E2B4E3A9}.Release|iPhoneSimulator.Build.0 = Release|Any CPU
		{A2BFE619-E01B-4C1C-ACE9-6185E2B4E3A9}.Release|iPhoneSimulator.Deploy.0 = Release|Any CPU
		{A2BFE619-E01B-4C1C-ACE9-6185E2B4E3A9}.Release|x64.ActiveCfg = Release|Any CPU
		{A2BFE619-E01B-4C1C-ACE9-6185E2B4E3A9}.Release|x64.Build.0 = Release|Any CPU
		{A2BFE619-E01B-4C1C-ACE9-6185E2B4E3A9}.Release|x64.Deploy.0 = Release|Any CPU
		{A2BFE619-E01B-4C1C-ACE9-6185E2B4E3A9}.Release|x86.ActiveCfg = Release|Any CPU
		{A2BFE619-E01B-4C1C-ACE9-6185E2B4E3A9}.Release|x86.Build.0 = Release|Any CPU
		{A2BFE619-E01B-4C1C-ACE9-6185E2B4E3A9}.Release|x86.Deploy.0 = Release|Any CPU
		{CA3B544D-6535-4C6F-B4D7-4E6DE91652C4}.Debug|Any CPU.ActiveCfg = Debug|iPhone
		{CA3B544D-6535-4C6F-B4D7-4E6DE91652C4}.Debug|ARM.ActiveCfg = Debug|iPhone
		{CA3B544D-6535-4C6F-B4D7-4E6DE91652C4}.Debug|iPhone.ActiveCfg = Debug|iPhone
		{CA3B544D-6535-4C6F-B4D7-4E6DE91652C4}.Debug|iPhone.Build.0 = Debug|iPhone
		{CA3B544D-6535-4C6F-B4D7-4E6DE91652C4}.Debug|iPhoneSimulator.ActiveCfg = Debug|iPhoneSimulator
		{CA3B544D-6535-4C6F-B4D7-4E6DE91652C4}.Debug|iPhoneSimulator.Build.0 = Debug|iPhoneSimulator
		{CA3B544D-6535-4C6F-B4D7-4E6DE91652C4}.Debug|x64.ActiveCfg = Debug|iPhone
		{CA3B544D-6535-4C6F-B4D7-4E6DE91652C4}.Debug|x86.ActiveCfg = Debug|iPhone
		{CA3B544D-6535-4C6F-B4D7-4E6DE91652C4}.Release|Any CPU.ActiveCfg = Release|iPhone
		{CA3B544D-6535-4C6F-B4D7-4E6DE91652C4}.Release|ARM.ActiveCfg = Release|iPhone
		{CA3B544D-6535-4C6F-B4D7-4E6DE91652C4}.Release|iPhone.ActiveCfg = Release|iPhone
		{CA3B544D-6535-4C6F-B4D7-4E6DE91652C4}.Release|iPhone.Build.0 = Release|iPhone
		{CA3B544D-6535-4C6F-B4D7-4E6DE91652C4}.Release|iPhoneSimulator.ActiveCfg = Release|iPhoneSimulator
		{CA3B544D-6535-4C6F-B4D7-4E6DE91652C4}.Release|iPhoneSimulator.Build.0 = Release|iPhoneSimulator
		{CA3B544D-6535-4C6F-B4D7-4E6DE91652C4}.Release|x64.ActiveCfg = Release|iPhone
		{CA3B544D-6535-4C6F-B4D7-4E6DE91652C4}.Release|x86.ActiveCfg = Release|iPhone
		{5CB6B8FE-9538-475E-9578-2869ADC78865}.Debug|Any CPU.ActiveCfg = Debug|Any CPU
		{5CB6B8FE-9538-475E-9578-2869ADC78865}.Debug|Any CPU.Build.0 = Debug|Any CPU
		{5CB6B8FE-9538-475E-9578-2869ADC78865}.Debug|ARM.ActiveCfg = Debug|Any CPU
		{5CB6B8FE-9538-475E-9578-2869ADC78865}.Debug|ARM.Build.0 = Debug|Any CPU
		{5CB6B8FE-9538-475E-9578-2869ADC78865}.Debug|iPhone.ActiveCfg = Debug|Any CPU
		{5CB6B8FE-9538-475E-9578-2869ADC78865}.Debug|iPhone.Build.0 = Debug|Any CPU
		{5CB6B8FE-9538-475E-9578-2869ADC78865}.Debug|iPhoneSimulator.ActiveCfg = Debug|Any CPU
		{5CB6B8FE-9538-475E-9578-2869ADC78865}.Debug|iPhoneSimulator.Build.0 = Debug|Any CPU
		{5CB6B8FE-9538-475E-9578-2869ADC78865}.Debug|x64.ActiveCfg = Debug|Any CPU
		{5CB6B8FE-9538-475E-9578-2869ADC78865}.Debug|x64.Build.0 = Debug|Any CPU
		{5CB6B8FE-9538-475E-9578-2869ADC78865}.Debug|x86.ActiveCfg = Debug|Any CPU
		{5CB6B8FE-9538-475E-9578-2869ADC78865}.Debug|x86.Build.0 = Debug|Any CPU
		{5CB6B8FE-9538-475E-9578-2869ADC78865}.Release|Any CPU.ActiveCfg = Release|Any CPU
		{5CB6B8FE-9538-475E-9578-2869ADC78865}.Release|Any CPU.Build.0 = Release|Any CPU
		{5CB6B8FE-9538-475E-9578-2869ADC78865}.Release|ARM.ActiveCfg = Release|Any CPU
		{5CB6B8FE-9538-475E-9578-2869ADC78865}.Release|ARM.Build.0 = Release|Any CPU
		{5CB6B8FE-9538-475E-9578-2869ADC78865}.Release|iPhone.ActiveCfg = Release|Any CPU
		{5CB6B8FE-9538-475E-9578-2869ADC78865}.Release|iPhone.Build.0 = Release|Any CPU
		{5CB6B8FE-9538-475E-9578-2869ADC78865}.Release|iPhoneSimulator.ActiveCfg = Release|Any CPU
		{5CB6B8FE-9538-475E-9578-2869ADC78865}.Release|iPhoneSimulator.Build.0 = Release|Any CPU
		{5CB6B8FE-9538-475E-9578-2869ADC78865}.Release|x64.ActiveCfg = Release|Any CPU
		{5CB6B8FE-9538-475E-9578-2869ADC78865}.Release|x64.Build.0 = Release|Any CPU
		{5CB6B8FE-9538-475E-9578-2869ADC78865}.Release|x86.ActiveCfg = Release|Any CPU
		{5CB6B8FE-9538-475E-9578-2869ADC78865}.Release|x86.Build.0 = Release|Any CPU
	EndGlobalSection
	GlobalSection(SolutionProperties) = preSolution
		HideSolutionNode = FALSE
	EndGlobalSection
	GlobalSection(ExtensibilityGlobals) = postSolution
		SolutionGuid = {6B97DA52-C429-49EF-800D-7491FD7E8BE5}
	EndGlobalSection
EndGlobal
