
Microsoft Visual Studio Solution File, Format Version 12.00
# Visual Studio Version 16
VisualStudioVersion = 16.0.30204.135
MinimumVisualStudioVersion = 10.0.40219.1
Project("{9A19103F-16F7-4668-BE54-9A1E7A4F7556}") = "ShamsiDatePicker", "ShamsiDatePicker\ShamsiDatePicker.csproj", "{B1AB7E62-18F1-4447-95E9-D23A7A9C68B0}"
EndProject
Project("{FAE04EC0-301F-11D3-BF4B-00C04F79EFBC}") = "ShamsiDatePickerSample.Android", "ShamdiDatePickerSample\ShamdiDatePickerSample.Android\ShamsiDatePickerSample.Android.csproj", "{ABF1A159-D445-43B6-A4F2-7679FE255BC0}"
EndProject
Project("{FAE04EC0-301F-11D3-BF4B-00C04F79EFBC}") = "ShamsiDatePickerSample.iOS", "ShamdiDatePickerSample\ShamdiDatePickerSample.iOS\ShamsiDatePickerSample.iOS.csproj", "{F1B816EB-F62B-4A85-A40B-2237927A3728}"
EndProject
Project("{9A19103F-16F7-4668-BE54-9A1E7A4F7556}") = "ShamsiDatePickerSample", "ShamdiDatePickerSample\ShamdiDatePickerSample\ShamsiDatePickerSample.csproj", "{8C281AEF-3715-4AE3-98A5-29CC1CDE8688}"
EndProject
Global
	GlobalSection(SolutionConfigurationPlatforms) = preSolution
		Debug|Any CPU = Debug|Any CPU
		Debug|ARM = Debug|ARM
		Debug|iPhone = Debug|iPhone
		Debug|iPhoneSimulator = Debug|iPhoneSimulator
		Debug|x64 = Debug|x64
		Debug|x86 = Debug|x86
		Release|Any CPU = Release|Any CPU
		Release|ARM = Release|ARM
		Release|iPhone = Release|iPhone
		Release|iPhoneSimulator = Release|iPhoneSimulator
		Release|x64 = Release|x64
		Release|x86 = Release|x86
	EndGlobalSection
	GlobalSection(ProjectConfigurationPlatforms) = postSolution
		{B1AB7E62-18F1-4447-95E9-D23A7A9C68B0}.Debug|Any CPU.ActiveCfg = Debug|Any CPU
		{B1AB7E62-18F1-4447-95E9-D23A7A9C68B0}.Debug|Any CPU.Build.0 = Debug|Any CPU
		{B1AB7E62-18F1-4447-95E9-D23A7A9C68B0}.Debug|ARM.ActiveCfg = Debug|Any CPU
		{B1AB7E62-18F1-4447-95E9-D23A7A9C68B0}.Debug|ARM.Build.0 = Debug|Any CPU
		{B1AB7E62-18F1-4447-95E9-D23A7A9C68B0}.Debug|iPhone.ActiveCfg = Debug|Any CPU
		{B1AB7E62-18F1-4447-95E9-D23A7A9C68B0}.Debug|iPhone.Build.0 = Debug|Any CPU
		{B1AB7E62-18F1-4447-95E9-D23A7A9C68B0}.Debug|iPhoneSimulator.ActiveCfg = Debug|Any CPU
		{B1AB7E62-18F1-4447-95E9-D23A7A9C68B0}.Debug|iPhoneSimulator.Build.0 = Debug|Any CPU
		{B1AB7E62-18F1-4447-95E9-D23A7A9C68B0}.Debug|x64.ActiveCfg = Debug|Any CPU
		{B1AB7E62-18F1-4447-95E9-D23A7A9C68B0}.Debug|x64.Build.0 = Debug|Any CPU
		{B1AB7E62-18F1-4447-95E9-D23A7A9C68B0}.Debug|x86.ActiveCfg = Debug|Any CPU
		{B1AB7E62-18F1-4447-95E9-D23A7A9C68B0}.Debug|x86.Build.0 = Debug|Any CPU
		{B1AB7E62-18F1-4447-95E9-D23A7A9C68B0}.Release|Any CPU.ActiveCfg = Release|Any CPU
		{B1AB7E62-18F1-4447-95E9-D23A7A9C68B0}.Release|Any CPU.Build.0 = Release|Any CPU
		{B1AB7E62-18F1-4447-95E9-D23A7A9C68B0}.Release|ARM.ActiveCfg = Release|Any CPU
		{B1AB7E62-18F1-4447-95E9-D23A7A9C68B0}.Release|ARM.Build.0 = Release|Any CPU
		{B1AB7E62-18F1-4447-95E9-D23A7A9C68B0}.Release|iPhone.ActiveCfg = Release|Any CPU
		{B1AB7E62-18F1-4447-95E9-D23A7A9C68B0}.Release|iPhone.Build.0 = Release|Any CPU
		{B1AB7E62-18F1-4447-95E9-D23A7A9C68B0}.Release|iPhoneSimulator.ActiveCfg = Release|Any CPU
		{B1AB7E62-18F1-4447-95E9-D23A7A9C68B0}.Release|iPhoneSimulator.Build.0 = Release|Any CPU
		{B1AB7E62-18F1-4447-95E9-D23A7A9C68B0}.Release|x64.ActiveCfg = Release|Any CPU
		{B1AB7E62-18F1-4447-95E9-D23A7A9C68B0}.Release|x64.Build.0 = Release|Any CPU
		{B1AB7E62-18F1-4447-95E9-D23A7A9C68B0}.Release|x86.ActiveCfg = Release|Any CPU
		{B1AB7E62-18F1-4447-95E9-D23A7A9C68B0}.Release|x86.Build.0 = Release|Any CPU
		{ABF1A159-D445-43B6-A4F2-7679FE255BC0}.Debug|Any CPU.ActiveCfg = Debug|Any CPU
		{ABF1A159-D445-43B6-A4F2-7679FE255BC0}.Debug|Any CPU.Build.0 = Debug|Any CPU
		{ABF1A159-D445-43B6-A4F2-7679FE255BC0}.Debug|Any CPU.Deploy.0 = Debug|Any CPU
		{ABF1A159-D445-43B6-A4F2-7679FE255BC0}.Debug|ARM.ActiveCfg = Debug|Any CPU
		{ABF1A159-D445-43B6-A4F2-7679FE255BC0}.Debug|ARM.Build.0 = Debug|Any CPU
		{ABF1A159-D445-43B6-A4F2-7679FE255BC0}.Debug|ARM.Deploy.0 = Debug|Any CPU
		{ABF1A159-D445-43B6-A4F2-7679FE255BC0}.Debug|iPhone.ActiveCfg = Debug|Any CPU
		{ABF1A159-D445-43B6-A4F2-7679FE255BC0}.Debug|iPhone.Build.0 = Debug|Any CPU
		{ABF1A159-D445-43B6-A4F2-7679FE255BC0}.Debug|iPhone.Deploy.0 = Debug|Any CPU
		{ABF1A159-D445-43B6-A4F2-7679FE255BC0}.Debug|iPhoneSimulator.ActiveCfg = Debug|Any CPU
		{ABF1A159-D445-43B6-A4F2-7679FE255BC0}.Debug|iPhoneSimulator.Build.0 = Debug|Any CPU
		{ABF1A159-D445-43B6-A4F2-7679FE255BC0}.Debug|iPhoneSimulator.Deploy.0 = Debug|Any CPU
		{ABF1A159-D445-43B6-A4F2-7679FE255BC0}.Debug|x64.ActiveCfg = Debug|Any CPU
		{ABF1A159-D445-43B6-A4F2-7679FE255BC0}.Debug|x64.Build.0 = Debug|Any CPU
		{ABF1A159-D445-43B6-A4F2-7679FE255BC0}.Debug|x64.Deploy.0 = Debug|Any CPU
		{ABF1A159-D445-43B6-A4F2-7679FE255BC0}.Debug|x86.ActiveCfg = Debug|Any CPU
		{ABF1A159-D445-43B6-A4F2-7679FE255BC0}.Debug|x86.Build.0 = Debug|Any CPU
		{ABF1A159-D445-43B6-A4F2-7679FE255BC0}.Debug|x86.Deploy.0 = Debug|Any CPU
		{ABF1A159-D445-43B6-A4F2-7679FE255BC0}.Release|Any CPU.ActiveCfg = Release|Any CPU
		{ABF1A159-D445-43B6-A4F2-7679FE255BC0}.Release|Any CPU.Build.0 = Release|Any CPU
		{ABF1A159-D445-43B6-A4F2-7679FE255BC0}.Release|Any CPU.Deploy.0 = Release|Any CPU
		{ABF1A159-D445-43B6-A4F2-7679FE255BC0}.Release|ARM.ActiveCfg = Release|Any CPU
		{ABF1A159-D445-43B6-A4F2-7679FE255BC0}.Release|ARM.Build.0 = Release|Any CPU
		{ABF1A159-D445-43B6-A4F2-7679FE255BC0}.Release|ARM.Deploy.0 = Release|Any CPU
		{ABF1A159-D445-43B6-A4F2-7679FE255BC0}.Release|iPhone.ActiveCfg = Release|Any CPU
		{ABF1A159-D445-43B6-A4F2-7679FE255BC0}.Release|iPhone.Build.0 = Release|Any CPU
		{ABF1A159-D445-43B6-A4F2-7679FE255BC0}.Release|iPhone.Deploy.0 = Release|Any CPU
		{ABF1A159-D445-43B6-A4F2-7679FE255BC0}.Release|iPhoneSimulator.ActiveCfg = Release|Any CPU
		{ABF1A159-D445-43B6-A4F2-7679FE255BC0}.Release|iPhoneSimulator.Build.0 = Release|Any CPU
		{ABF1A159-D445-43B6-A4F2-7679FE255BC0}.Release|iPhoneSimulator.Deploy.0 = Release|Any CPU
		{ABF1A159-D445-43B6-A4F2-7679FE255BC0}.Release|x64.ActiveCfg = Release|Any CPU
		{ABF1A159-D445-43B6-A4F2-7679FE255BC0}.Release|x64.Build.0 = Release|Any CPU
		{ABF1A159-D445-43B6-A4F2-7679FE255BC0}.Release|x64.Deploy.0 = Release|Any CPU
		{ABF1A159-D445-43B6-A4F2-7679FE255BC0}.Release|x86.ActiveCfg = Release|Any CPU
		{ABF1A159-D445-43B6-A4F2-7679FE255BC0}.Release|x86.Build.0 = Release|Any CPU
		{ABF1A159-D445-43B6-A4F2-7679FE255BC0}.Release|x86.Deploy.0 = Release|Any CPU
		{F1B816EB-F62B-4A85-A40B-2237927A3728}.Debug|Any CPU.ActiveCfg = Debug|iPhoneSimulator
		{F1B816EB-F62B-4A85-A40B-2237927A3728}.Debug|ARM.ActiveCfg = Debug|iPhoneSimulator
		{F1B816EB-F62B-4A85-A40B-2237927A3728}.Debug|iPhone.ActiveCfg = Debug|iPhone
		{F1B816EB-F62B-4A85-A40B-2237927A3728}.Debug|iPhone.Build.0 = Debug|iPhone
		{F1B816EB-F62B-4A85-A40B-2237927A3728}.Debug|iPhoneSimulator.ActiveCfg = Debug|iPhoneSimulator
		{F1B816EB-F62B-4A85-A40B-2237927A3728}.Debug|iPhoneSimulator.Build.0 = Debug|iPhoneSimulator
		{F1B816EB-F62B-4A85-A40B-2237927A3728}.Debug|x64.ActiveCfg = Debug|iPhoneSimulator
		{F1B816EB-F62B-4A85-A40B-2237927A3728}.Debug|x86.ActiveCfg = Debug|iPhoneSimulator
		{F1B816EB-F62B-4A85-A40B-2237927A3728}.Release|Any CPU.ActiveCfg = Release|iPhoneSimulator
		{F1B816EB-F62B-4A85-A40B-2237927A3728}.Release|ARM.ActiveCfg = Release|iPhoneSimulator
		{F1B816EB-F62B-4A85-A40B-2237927A3728}.Release|iPhone.ActiveCfg = Release|iPhone
		{F1B816EB-F62B-4A85-A40B-2237927A3728}.Release|iPhone.Build.0 = Release|iPhone
		{F1B816EB-F62B-4A85-A40B-2237927A3728}.Release|iPhoneSimulator.ActiveCfg = Release|iPhoneSimulator
		{F1B816EB-F62B-4A85-A40B-2237927A3728}.Release|iPhoneSimulator.Build.0 = Release|iPhoneSimulator
		{F1B816EB-F62B-4A85-A40B-2237927A3728}.Release|x64.ActiveCfg = Release|iPhoneSimulator
		{F1B816EB-F62B-4A85-A40B-2237927A3728}.Release|x86.ActiveCfg = Release|iPhoneSimulator
		{8C281AEF-3715-4AE3-98A5-29CC1CDE8688}.Debug|Any CPU.ActiveCfg = Debug|Any CPU
		{8C281AEF-3715-4AE3-98A5-29CC1CDE8688}.Debug|Any CPU.Build.0 = Debug|Any CPU
		{8C281AEF-3715-4AE3-98A5-29CC1CDE8688}.Debug|ARM.ActiveCfg = Debug|Any CPU
		{8C281AEF-3715-4AE3-98A5-29CC1CDE8688}.Debug|ARM.Build.0 = Debug|Any CPU
		{8C281AEF-3715-4AE3-98A5-29CC1CDE8688}.Debug|iPhone.ActiveCfg = Debug|Any CPU
		{8C281AEF-3715-4AE3-98A5-29CC1CDE8688}.Debug|iPhone.Build.0 = Debug|Any CPU
		{8C281AEF-3715-4AE3-98A5-29CC1CDE8688}.Debug|iPhoneSimulator.ActiveCfg = Debug|Any CPU
		{8C281AEF-3715-4AE3-98A5-29CC1CDE8688}.Debug|iPhoneSimulator.Build.0 = Debug|Any CPU
		{8C281AEF-3715-4AE3-98A5-29CC1CDE8688}.Debug|x64.ActiveCfg = Debug|Any CPU
		{8C281AEF-3715-4AE3-98A5-29CC1CDE8688}.Debug|x64.Build.0 = Debug|Any CPU
		{8C281AEF-3715-4AE3-98A5-29CC1CDE8688}.Debug|x86.ActiveCfg = Debug|Any CPU
		{8C281AEF-3715-4AE3-98A5-29CC1CDE8688}.Debug|x86.Build.0 = Debug|Any CPU
		{8C281AEF-3715-4AE3-98A5-29CC1CDE8688}.Release|Any CPU.ActiveCfg = Release|Any CPU
		{8C281AEF-3715-4AE3-98A5-29CC1CDE8688}.Release|Any CPU.Build.0 = Release|Any CPU
		{8C281AEF-3715-4AE3-98A5-29CC1CDE8688}.Release|ARM.ActiveCfg = Release|Any CPU
		{8C281AEF-3715-4AE3-98A5-29CC1CDE8688}.Release|ARM.Build.0 = Release|Any CPU
		{8C281AEF-3715-4AE3-98A5-29CC1CDE8688}.Release|iPhone.ActiveCfg = Release|Any CPU
		{8C281AEF-3715-4AE3-98A5-29CC1CDE8688}.Release|iPhone.Build.0 = Release|Any CPU
		{8C281AEF-3715-4AE3-98A5-29CC1CDE8688}.Release|iPhoneSimulator.ActiveCfg = Release|Any CPU
		{8C281AEF-3715-4AE3-98A5-29CC1CDE8688}.Release|iPhoneSimulator.Build.0 = Release|Any CPU
		{8C281AEF-3715-4AE3-98A5-29CC1CDE8688}.Release|x64.ActiveCfg = Release|Any CPU
		{8C281AEF-3715-4AE3-98A5-29CC1CDE8688}.Release|x64.Build.0 = Release|Any CPU
		{8C281AEF-3715-4AE3-98A5-29CC1CDE8688}.Release|x86.ActiveCfg = Release|Any CPU
		{8C281AEF-3715-4AE3-98A5-29CC1CDE8688}.Release|x86.Build.0 = Release|Any CPU
	EndGlobalSection
	GlobalSection(SolutionProperties) = preSolution
		HideSolutionNode = FALSE
	EndGlobalSection
	GlobalSection(ExtensibilityGlobals) = postSolution
		SolutionGuid = {6B97DA52-C429-49EF-800D-7491FD7E8BE5}
	EndGlobalSection
EndGlobal
